// !$*UTF8*$!
{
	archiveVersion = 1;
	classes = {
	};
	objectVersion = 46;
	objects = {

/* Begin PBXBuildFile section */
		73AF07191C1CA8930020BD89 /* AppDelegate.swift in Sources */ = {isa = PBXBuildFile; fileRef = 73AF07181C1CA8930020BD89 /* AppDelegate.swift */; };
		73AF071E1C1CA8930020BD89 /* Main.storyboard in Resources */ = {isa = PBXBuildFile; fileRef = 73AF071C1C1CA8930020BD89 /* Main.storyboard */; };
		73AF07201C1CA8930020BD89 /* Assets.xcassets in Resources */ = {isa = PBXBuildFile; fileRef = 73AF071F1C1CA8930020BD89 /* Assets.xcassets */; };
		73AF07231C1CA8930020BD89 /* LaunchScreen.storyboard in Resources */ = {isa = PBXBuildFile; fileRef = 73AF07211C1CA8930020BD89 /* LaunchScreen.storyboard */; };
		73AF072B1C1CAB5B0020BD89 /* DetailMovieViewController.swift in Sources */ = {isa = PBXBuildFile; fileRef = 73AF072A1C1CAB5B0020BD89 /* DetailMovieViewController.swift */; };
		9606485C1C4DF3D0006E2BD7 /* Movie.swift in Sources */ = {isa = PBXBuildFile; fileRef = 9606485B1C4DF3D0006E2BD7 /* Movie.swift */; };
		960AA2E11C4E3B4400F8C374 /* ScrollViewController.swift in Sources */ = {isa = PBXBuildFile; fileRef = 960AA2E01C4E3B4400F8C374 /* ScrollViewController.swift */; };
		96158F781C44B67700C81C56 /* MovieListViewController.swift in Sources */ = {isa = PBXBuildFile; fileRef = 96158F771C44B67700C81C56 /* MovieListViewController.swift */; };
		96158F7A1C44BB0600C81C56 /* MovieTableViewCell.swift in Sources */ = {isa = PBXBuildFile; fileRef = 96158F791C44BB0600C81C56 /* MovieTableViewCell.swift */; };
		E2FBC4B8C795E94A9F1B038B /* libPods-TopMovies.a in Frameworks */ = {isa = PBXBuildFile; fileRef = AA3BF7767D444039BFC3CA16 /* libPods-TopMovies.a */; };
/* End PBXBuildFile section */

/* Begin PBXFileReference section */
		36591B20B3C59B6B3A472B6B /* Pods-TopMovies.release.xcconfig */ = {isa = PBXFileReference; includeInIndex = 1; lastKnownFileType = text.xcconfig; name = "Pods-TopMovies.release.xcconfig"; path = "Pods/Target Support Files/Pods-TopMovies/Pods-TopMovies.release.xcconfig"; sourceTree = "<group>"; };
		73AF07151C1CA8930020BD89 /* 🔝🎞.app */ = {isa = PBXFileReference; explicitFileType = wrapper.application; includeInIndex = 0; path = "🔝🎞.app"; sourceTree = BUILT_PRODUCTS_DIR; };
		73AF07181C1CA8930020BD89 /* AppDelegate.swift */ = {isa = PBXFileReference; lastKnownFileType = sourcecode.swift; path = AppDelegate.swift; sourceTree = "<group>"; };
		73AF071D1C1CA8930020BD89 /* Base */ = {isa = PBXFileReference; lastKnownFileType = file.storyboard; name = Base; path = Base.lproj/Main.storyboard; sourceTree = "<group>"; };
		73AF071F1C1CA8930020BD89 /* Assets.xcassets */ = {isa = PBXFileReference; lastKnownFileType = folder.assetcatalog; path = Assets.xcassets; sourceTree = "<group>"; };
		73AF07221C1CA8930020BD89 /* Base */ = {isa = PBXFileReference; lastKnownFileType = file.storyboard; name = Base; path = Base.lproj/LaunchScreen.storyboard; sourceTree = "<group>"; };
		73AF07241C1CA8930020BD89 /* Info.plist */ = {isa = PBXFileReference; lastKnownFileType = text.plist.xml; path = Info.plist; sourceTree = "<group>"; };
		73AF072A1C1CAB5B0020BD89 /* DetailMovieViewController.swift */ = {isa = PBXFileReference; fileEncoding = 4; lastKnownFileType = sourcecode.swift; path = DetailMovieViewController.swift; sourceTree = "<group>"; };
		73AF072E1C1CDBE40020BD89 /* TopMovies-Bridging-Header.h */ = {isa = PBXFileReference; lastKnownFileType = sourcecode.c.h; path = "TopMovies-Bridging-Header.h"; sourceTree = "<group>"; };
		9606485B1C4DF3D0006E2BD7 /* Movie.swift */ = {isa = PBXFileReference; fileEncoding = 4; lastKnownFileType = sourcecode.swift; path = Movie.swift; sourceTree = "<group>"; };
		960AA2E01C4E3B4400F8C374 /* ScrollViewController.swift */ = {isa = PBXFileReference; fileEncoding = 4; lastKnownFileType = sourcecode.swift; path = ScrollViewController.swift; sourceTree = "<group>"; };
		96158F771C44B67700C81C56 /* MovieListViewController.swift */ = {isa = PBXFileReference; fileEncoding = 4; lastKnownFileType = sourcecode.swift; path = MovieListViewController.swift; sourceTree = "<group>"; };
		96158F791C44BB0600C81C56 /* MovieTableViewCell.swift */ = {isa = PBXFileReference; fileEncoding = 4; lastKnownFileType = sourcecode.swift; path = MovieTableViewCell.swift; sourceTree = "<group>"; };
		AA3BF7767D444039BFC3CA16 /* libPods-TopMovies.a */ = {isa = PBXFileReference; explicitFileType = archive.ar; includeInIndex = 0; path = "libPods-TopMovies.a"; sourceTree = BUILT_PRODUCTS_DIR; };
		BA2138DC615EE173582784C5 /* Pods-TopMovies.debug.xcconfig */ = {isa = PBXFileReference; includeInIndex = 1; lastKnownFileType = text.xcconfig; name = "Pods-TopMovies.debug.xcconfig"; path = "Pods/Target Support Files/Pods-TopMovies/Pods-TopMovies.debug.xcconfig"; sourceTree = "<group>"; };
/* End PBXFileReference section */

/* Begin PBXFrameworksBuildPhase section */
		73AF07121C1CA8930020BD89 /* Frameworks */ = {
			isa = PBXFrameworksBuildPhase;
			buildActionMask = 2147483647;
			files = (
				E2FBC4B8C795E94A9F1B038B /* libPods-TopMovies.a in Frameworks */,
			);
			runOnlyForDeploymentPostprocessing = 0;
		};
/* End PBXFrameworksBuildPhase section */

/* Begin PBXGroup section */
		4F2C03FC7202855EE79D9387 /* Pods */ = {
			isa = PBXGroup;
			children = (
				BA2138DC615EE173582784C5 /* Pods-TopMovies.debug.xcconfig */,
				36591B20B3C59B6B3A472B6B /* Pods-TopMovies.release.xcconfig */,
			);
			name = Pods;
			sourceTree = "<group>";
		};
		5863183F0D04D333EA6C264F /* Frameworks */ = {
			isa = PBXGroup;
			children = (
				AA3BF7767D444039BFC3CA16 /* libPods-TopMovies.a */,
			);
			name = Frameworks;
			sourceTree = "<group>";
		};
		73AF070C1C1CA8930020BD89 = {
			isa = PBXGroup;
			children = (
				73AF07171C1CA8930020BD89 /* TopMovies */,
				73AF07161C1CA8930020BD89 /* Products */,
				4F2C03FC7202855EE79D9387 /* Pods */,
				5863183F0D04D333EA6C264F /* Frameworks */,
			);
			sourceTree = "<group>";
		};
		73AF07161C1CA8930020BD89 /* Products */ = {
			isa = PBXGroup;
			children = (
				73AF07151C1CA8930020BD89 /* 🔝🎞.app */,
			);
			name = Products;
			sourceTree = "<group>";
		};
		73AF07171C1CA8930020BD89 /* TopMovies */ = {
			isa = PBXGroup;
			children = (
				73AF07181C1CA8930020BD89 /* AppDelegate.swift */,
				96158F771C44B67700C81C56 /* MovieListViewController.swift */,
				73AF072A1C1CAB5B0020BD89 /* DetailMovieViewController.swift */,
				96158F791C44BB0600C81C56 /* MovieTableViewCell.swift */,
				960AA2E01C4E3B4400F8C374 /* ScrollViewController.swift */,
				9606485B1C4DF3D0006E2BD7 /* Movie.swift */,
				73AF071C1C1CA8930020BD89 /* Main.storyboard */,
				73AF071F1C1CA8930020BD89 /* Assets.xcassets */,
				73AF07211C1CA8930020BD89 /* LaunchScreen.storyboard */,
				73AF07241C1CA8930020BD89 /* Info.plist */,
				73AF072E1C1CDBE40020BD89 /* TopMovies-Bridging-Header.h */,
			);
			path = TopMovies;
			sourceTree = "<group>";
		};
/* End PBXGroup section */

/* Begin PBXNativeTarget section */
		73AF07141C1CA8930020BD89 /* TopMovies */ = {
			isa = PBXNativeTarget;
			buildConfigurationList = 73AF07271C1CA8930020BD89 /* Build configuration list for PBXNativeTarget "TopMovies" */;
			buildPhases = (
				9CC9E81DF0C28FD323113B22 /* Check Pods Manifest.lock */,
				73AF07111C1CA8930020BD89 /* Sources */,
				73AF07121C1CA8930020BD89 /* Frameworks */,
				73AF07131C1CA8930020BD89 /* Resources */,
				5C446F9EACE4D9516973C63F /* Embed Pods Frameworks */,
				D4265CE2A278BC236010778E /* Copy Pods Resources */,
			);
			buildRules = (
			);
			dependencies = (
			);
			name = TopMovies;
			productName = TopMovies;
			productReference = 73AF07151C1CA8930020BD89 /* 🔝🎞.app */;
			productType = "com.apple.product-type.application";
		};
/* End PBXNativeTarget section */

/* Begin PBXProject section */
		73AF070D1C1CA8930020BD89 /* Project object */ = {
			isa = PBXProject;
			attributes = {
				LastSwiftUpdateCheck = 0720;
				LastUpgradeCheck = 0720;
				ORGANIZATIONNAME = "GA Student";
				TargetAttributes = {
					73AF07141C1CA8930020BD89 = {
						CreatedOnToolsVersion = 7.2;
					};
				};
			};
			buildConfigurationList = 73AF07101C1CA8930020BD89 /* Build configuration list for PBXProject "TopMovies" */;
			compatibilityVersion = "Xcode 3.2";
			developmentRegion = English;
			hasScannedForEncodings = 0;
			knownRegions = (
				en,
				Base,
			);
			mainGroup = 73AF070C1C1CA8930020BD89;
			productRefGroup = 73AF07161C1CA8930020BD89 /* Products */;
			projectDirPath = "";
			projectRoot = "";
			targets = (
				73AF07141C1CA8930020BD89 /* TopMovies */,
			);
		};
/* End PBXProject section */

/* Begin PBXResourcesBuildPhase section */
		73AF07131C1CA8930020BD89 /* Resources */ = {
			isa = PBXResourcesBuildPhase;
			buildActionMask = 2147483647;
			files = (
				73AF07231C1CA8930020BD89 /* LaunchScreen.storyboard in Resources */,
				73AF07201C1CA8930020BD89 /* Assets.xcassets in Resources */,
				73AF071E1C1CA8930020BD89 /* Main.storyboard in Resources */,
			);
			runOnlyForDeploymentPostprocessing = 0;
		};
/* End PBXResourcesBuildPhase section */

/* Begin PBXShellScriptBuildPhase section */
		5C446F9EACE4D9516973C63F /* Embed Pods Frameworks */ = {
			isa = PBXShellScriptBuildPhase;
			buildActionMask = 2147483647;
			files = (
			);
			inputPaths = (
			);
			name = "Embed Pods Frameworks";
			outputPaths = (
			);
			runOnlyForDeploymentPostprocessing = 0;
			shellPath = /bin/sh;
			shellScript = "\"${SRCROOT}/Pods/Target Support Files/Pods-TopMovies/Pods-TopMovies-frameworks.sh\"\n";
			showEnvVarsInLog = 0;
		};
		9CC9E81DF0C28FD323113B22 /* Check Pods Manifest.lock */ = {
			isa = PBXShellScriptBuildPhase;
			buildActionMask = 2147483647;
			files = (
			);
			inputPaths = (
			);
			name = "Check Pods Manifest.lock";
			outputPaths = (
			);
			runOnlyForDeploymentPostprocessing = 0;
			shellPath = /bin/sh;
			shellScript = "diff \"${PODS_ROOT}/../Podfile.lock\" \"${PODS_ROOT}/Manifest.lock\" > /dev/null\nif [[ $? != 0 ]] ; then\n    cat << EOM\nerror: The sandbox is not in sync with the Podfile.lock. Run 'pod install' or update your CocoaPods installation.\nEOM\n    exit 1\nfi\n";
			showEnvVarsInLog = 0;
		};
		D4265CE2A278BC236010778E /* Copy Pods Resources */ = {
			isa = PBXShellScriptBuildPhase;
			buildActionMask = 2147483647;
			files = (
			);
			inputPaths = (
			);
			name = "Copy Pods Resources";
			outputPaths = (
			);
			runOnlyForDeploymentPostprocessing = 0;
			shellPath = /bin/sh;
			shellScript = "\"${SRCROOT}/Pods/Target Support Files/Pods-TopMovies/Pods-TopMovies-resources.sh\"\n";
			showEnvVarsInLog = 0;
		};
/* End PBXShellScriptBuildPhase section */

/* Begin PBXSourcesBuildPhase section */
		73AF07111C1CA8930020BD89 /* Sources */ = {
			isa = PBXSourcesBuildPhase;
			buildActionMask = 2147483647;
			files = (
				96158F781C44B67700C81C56 /* MovieListViewController.swift in Sources */,
				960AA2E11C4E3B4400F8C374 /* ScrollViewController.swift in Sources */,
				73AF072B1C1CAB5B0020BD89 /* DetailMovieViewController.swift in Sources */,
				96158F7A1C44BB0600C81C56 /* MovieTableViewCell.swift in Sources */,
				73AF07191C1CA8930020BD89 /* AppDelegate.swift in Sources */,
				9606485C1C4DF3D0006E2BD7 /* Movie.swift in Sources */,
			);
			runOnlyForDeploymentPostprocessing = 0;
		};
/* End PBXSourcesBuildPhase section */

/* Begin PBXVariantGroup section */
		73AF071C1C1CA8930020BD89 /* Main.storyboard */ = {
			isa = PBXVariantGroup;
			children = (
				73AF071D1C1CA8930020BD89 /* Base */,
			);
			name = Main.storyboard;
			sourceTree = "<group>";
		};
		73AF07211C1CA8930020BD89 /* LaunchScreen.storyboard */ = {
			isa = PBXVariantGroup;
			children = (
				73AF07221C1CA8930020BD89 /* Base */,
			);
			name = LaunchScreen.storyboard;
			sourceTree = "<group>";
		};
/* End PBXVariantGroup section */

/* Begin XCBuildConfiguration section */
		73AF07251C1CA8930020BD89 /* Debug */ = {
			isa = XCBuildConfiguration;
			buildSettings = {
				ALWAYS_SEARCH_USER_PATHS = NO;
				CLANG_CXX_LANGUAGE_STANDARD = "gnu++0x";
				CLANG_CXX_LIBRARY = "libc++";
				CLANG_ENABLE_MODULES = YES;
				CLANG_ENABLE_OBJC_ARC = YES;
				CLANG_WARN_BOOL_CONVERSION = YES;
				CLANG_WARN_CONSTANT_CONVERSION = YES;
				CLANG_WARN_DIRECT_OBJC_ISA_USAGE = YES_ERROR;
				CLANG_WARN_EMPTY_BODY = YES;
				CLANG_WARN_ENUM_CONVERSION = YES;
				CLANG_WARN_INT_CONVERSION = YES;
				CLANG_WARN_OBJC_ROOT_CLASS = YES_ERROR;
				CLANG_WARN_UNREACHABLE_CODE = YES;
				CLANG_WARN__DUPLICATE_METHOD_MATCH = YES;
				"CODE_SIGN_IDENTITY[sdk=iphoneos*]" = "iPhone Developer";
				COPY_PHASE_STRIP = NO;
				DEBUG_INFORMATION_FORMAT = dwarf;
				ENABLE_STRICT_OBJC_MSGSEND = YES;
				ENABLE_TESTABILITY = YES;
				GCC_C_LANGUAGE_STANDARD = gnu99;
				GCC_DYNAMIC_NO_PIC = NO;
				GCC_NO_COMMON_BLOCKS = YES;
				GCC_OPTIMIZATION_LEVEL = 0;
				GCC_PREPROCESSOR_DEFINITIONS = (
					"DEBUG=1",
					"$(inherited)",
				);
				GCC_WARN_64_TO_32_BIT_CONVERSION = YES;
				GCC_WARN_ABOUT_RETURN_TYPE = YES_ERROR;
				GCC_WARN_UNDECLARED_SELECTOR = YES;
				GCC_WARN_UNINITIALIZED_AUTOS = YES_AGGRESSIVE;
				GCC_WARN_UNUSED_FUNCTION = YES;
				GCC_WARN_UNUSED_VARIABLE = YES;
				IPHONEOS_DEPLOYMENT_TARGET = 9.2;
				MTL_ENABLE_DEBUG_INFO = YES;
				ONLY_ACTIVE_ARCH = YES;
				SDKROOT = iphoneos;
				SWIFT_OPTIMIZATION_LEVEL = "-Onone";
				TARGETED_DEVICE_FAMILY = "1,2";
			};
			name = Debug;
		};
		73AF07261C1CA8930020BD89 /* Release */ = {
			isa = XCBuildConfiguration;
			buildSettings = {
				ALWAYS_SEARCH_USER_PATHS = NO;
				CLANG_CXX_LANGUAGE_STANDARD = "gnu++0x";
				CLANG_CXX_LIBRARY = "libc++";
				CLANG_ENABLE_MODULES = YES;
				CLANG_ENABLE_OBJC_ARC = YES;
				CLANG_WARN_BOOL_CONVERSION = YES;
				CLANG_WARN_CONSTANT_CONVERSION = YES;
				CLANG_WARN_DIRECT_OBJC_ISA_USAGE = YES_ERROR;
				CLANG_WARN_EMPTY_BODY = YES;
				CLANG_WARN_ENUM_CONVERSION = YES;
				CLANG_WARN_INT_CONVERSION = YES;
				CLANG_WARN_OBJC_ROOT_CLASS = YES_ERROR;
				CLANG_WARN_UNREACHABLE_CODE = YES;
				CLANG_WARN__DUPLICATE_METHOD_MATCH = YES;
				"CODE_SIGN_IDENTITY[sdk=iphoneos*]" = "iPhone Developer";
				COPY_PHASE_STRIP = NO;
				DEBUG_INFORMATION_FORMAT = "dwarf-with-dsym";
				ENABLE_NS_ASSERTIONS = NO;
				ENABLE_STRICT_OBJC_MSGSEND = YES;
				GCC_C_LANGUAGE_STANDARD = gnu99;
				GCC_NO_COMMON_BLOCKS = YES;
				GCC_WARN_64_TO_32_BIT_CONVERSION = YES;
				GCC_WARN_ABOUT_RETURN_TYPE = YES_ERROR;
				GCC_WARN_UNDECLARED_SELECTOR = YES;
				GCC_WARN_UNINITIALIZED_AUTOS = YES_AGGRESSIVE;
				GCC_WARN_UNUSED_FUNCTION = YES;
				GCC_WARN_UNUSED_VARIABLE = YES;
				IPHONEOS_DEPLOYMENT_TARGET = 9.2;
				MTL_ENABLE_DEBUG_INFO = NO;
				SDKROOT = iphoneos;
				TARGETED_DEVICE_FAMILY = "1,2";
				VALIDATE_PRODUCT = YES;
			};
			name = Release;
		};
		73AF07281C1CA8930020BD89 /* Debug */ = {
			isa = XCBuildConfiguration;
			baseConfigurationReference = BA2138DC615EE173582784C5 /* Pods-TopMovies.debug.xcconfig */;
			buildSettings = {
				ASSETCATALOG_COMPILER_APPICON_NAME = AppIcon;
				CLANG_ENABLE_MODULES = YES;
				INFOPLIST_FILE = TopMovies/Info.plist;
				IPHONEOS_DEPLOYMENT_TARGET = 9.0;
				LD_RUNPATH_SEARCH_PATHS = "$(inherited) @executable_path/Frameworks";
				PRODUCT_BUNDLE_IDENTIFIER = ly.generalassemb.TopMovies;
				PRODUCT_NAME = "🔝🎞";
				SWIFT_OBJC_BRIDGING_HEADER = "TopMovies/TopMovies-Bridging-Header.h";
				SWIFT_OPTIMIZATION_LEVEL = "-Onone";
			};
			name = Debug;
		};
		73AF07291C1CA8930020BD89 /* Release */ = {
			isa = XCBuildConfiguration;
			baseConfigurationReference = 36591B20B3C59B6B3A472B6B /* Pods-TopMovies.release.xcconfig */;
			buildSettings = {
				ASSETCATALOG_COMPILER_APPICON_NAME = AppIcon;
				CLANG_ENABLE_MODULES = YES;
				INFOPLIST_FILE = TopMovies/Info.plist;
				IPHONEOS_DEPLOYMENT_TARGET = 9.0;
				LD_RUNPATH_SEARCH_PATHS = "$(inherited) @executable_path/Frameworks";
				PRODUCT_BUNDLE_IDENTIFIER = ly.generalassemb.TopMovies;
				PRODUCT_NAME = "🔝🎞";
				SWIFT_OBJC_BRIDGING_HEADER = "TopMovies/TopMovies-Bridging-Header.h";
			};
			name = Release;
		};
/* End XCBuildConfiguration section */

/* Begin XCConfigurationList section */
		73AF07101C1CA8930020BD89 /* Build configuration list for PBXProject "TopMovies" */ = {
			isa = XCConfigurationList;
			buildConfigurations = (
				73AF07251C1CA8930020BD89 /* Debug */,
				73AF07261C1CA8930020BD89 /* Release */,
			);
			defaultConfigurationIsVisible = 0;
			defaultConfigurationName = Release;
		};
		73AF07271C1CA8930020BD89 /* Build configuration list for PBXNativeTarget "TopMovies" */ = {
			isa = XCConfigurationList;
			buildConfigurations = (
				73AF07281C1CA8930020BD89 /* Debug */,
				73AF07291C1CA8930020BD89 /* Release */,
			);
			defaultConfigurationIsVisible = 0;
			defaultConfigurationName = Release;
		};
/* End XCConfigurationList section */
	};
	rootObject = 73AF070D1C1CA8930020BD89 /* Project object */;
}
